Microsoft Visual Studio Solution File, Format Version 12.00
# Visual Studio Version 17
VisualStudioVersion = 17.0.31611.283
MinimumVisualStudioVersion = 10.0.40219.1
Project("{9A19103F-16F7-4668-BE54-9A1E7A4F7556}") = "MonthlyReport", "MonthlyReport\MonthlyReport.csproj", "{3EA44EC2-2441-449A-8F9E-CC90969E7701}"
EndProject
Project("{9A19103F-16F7-4668-BE54-9A1E7A4F7556}") = "JeagerJak.com", "JeagerJak.com\JeagerJak.com.csproj", "{CEF718CF-288A-46FE-BFF0-AB1A221432F3}"
EndProject
Project("{9A19103F-16F7-4668-BE54-9A1E7A4F7556}") = "GoogleSheets", "GoogleSheets\GoogleSheets.csproj", "{09CC97BD-C13C-4444-BFF8-A2C1E1BDFA5A}"
EndProject
Project("{9A19103F-16F7-4668-BE54-9A1E7A4F7556}") = "DailyTasks", "DailyTasks\DailyTasks.csproj", "{463EAB73-A178-49B6-B405-4E484A47650B}"
EndProject
Project("{9A19103F-16F7-4668-BE54-9A1E7A4F7556}") = "IP_Manager", "IP_Manager\IP_Manager.csproj", "{3943DBBF-1E93-4F18-BD96-D855ABE8C708}"
EndProject
Global
	GlobalSection(SolutionConfigurationPlatforms) = preSolution
		Debug|Any CPU = Debug|Any CPU
		Release|Any CPU = Release|Any CPU
	EndGlobalSection
	GlobalSection(ProjectConfigurationPlatforms) = postSolution
		{3EA44EC2-2441-449A-8F9E-CC90969E7701}.Debug|Any CPU.ActiveCfg = Debug|Any CPU
		{3EA44EC2-2441-449A-8F9E-CC90969E7701}.Debug|Any CPU.Build.0 = Debug|Any CPU
		{3EA44EC2-2441-449A-8F9E-CC90969E7701}.Debug|Any CPU.Deploy.0 = Debug|Any CPU
		{3EA44EC2-2441-449A-8F9E-CC90969E7701}.Release|Any CPU.ActiveCfg = Release|Any CPU
		{3EA44EC2-2441-449A-8F9E-CC90969E7701}.Release|Any CPU.Build.0 = Release|Any CPU
		{3EA44EC2-2441-449A-8F9E-CC90969E7701}.Release|Any CPU.Deploy.0 = Release|Any CPU
		{CEF718CF-288A-46FE-BFF0-AB1A221432F3}.Debug|Any CPU.ActiveCfg = Debug|Any CPU
		{CEF718CF-288A-46FE-BFF0-AB1A221432F3}.Debug|Any CPU.Build.0 = Debug|Any CPU
		{CEF718CF-288A-46FE-BFF0-AB1A221432F3}.Release|Any CPU.ActiveCfg = Release|Any CPU
		{CEF718CF-288A-46FE-BFF0-AB1A221432F3}.Release|Any CPU.Build.0 = Release|Any CPU
		{09CC97BD-C13C-4444-BFF8-A2C1E1BDFA5A}.Debug|Any CPU.ActiveCfg = Debug|Any CPU
		{09CC97BD-C13C-4444-BFF8-A2C1E1BDFA5A}.Debug|Any CPU.Build.0 = Debug|Any CPU
		{09CC97BD-C13C-4444-BFF8-A2C1E1BDFA5A}.Release|Any CPU.ActiveCfg = Release|Any CPU
		{09CC97BD-C13C-4444-BFF8-A2C1E1BDFA5A}.Release|Any CPU.Build.0 = Release|Any CPU
		{463EAB73-A178-49B6-B405-4E484A47650B}.Debug|Any CPU.ActiveCfg = Debug|Any CPU
		{463EAB73-A178-49B6-B405-4E484A47650B}.Debug|Any CPU.Build.0 = Debug|Any CPU
		{463EAB73-A178-49B6-B405-4E484A47650B}.Debug|Any CPU.Deploy.0 = Debug|Any CPU
		{463EAB73-A178-49B6-B405-4E484A47650B}.Release|Any CPU.ActiveCfg = Release|Any CPU
		{463EAB73-A178-49B6-B405-4E484A47650B}.Release|Any CPU.Build.0 = Release|Any CPU
		{463EAB73-A178-49B6-B405-4E484A47650B}.Release|Any CPU.Deploy.0 = Release|Any CPU
		{3943DBBF-1E93-4F18-BD96-D855ABE8C708}.Debug|Any CPU.ActiveCfg = Debug|Any CPU
		{3943DBBF-1E93-4F18-BD96-D855ABE8C708}.Debug|Any CPU.Build.0 = Debug|Any CPU
		{3943DBBF-1E93-4F18-BD96-D855ABE8C708}.Release|Any CPU.ActiveCfg = Release|Any CPU
		{3943DBBF-1E93-4F18-BD96-D855ABE8C708}.Release|Any CPU.Build.0 = Release|Any CPU
	EndGlobalSection
	GlobalSection(SolutionProperties) = preSolution
		HideSolutionNode = FALSE
	EndGlobalSection
	GlobalSection(ExtensibilityGlobals) = postSolution
		        SolutionGuid = {61F7FB11-1E47-470C-91E2-47F8143E1572}
		SolutionGuid = {3F6C8800-EB1B-4FF6-90CA-EFB28941CF3D}
	EndGlobalSection
EndGlobal
